
Microsoft Visual Studio Solution File, Format Version 12.00
# Visual Studio Version 17
VisualStudioVersion = 17.14.36414.22 d17.14
MinimumVisualStudioVersion = 10.0.40219.1
Project("{FAE04EC0-301F-11D3-BF4B-00C04F79EFBC}") = "KG_2", "KG_2\KG_2.csproj", "{4BF5DBB2-8D05-40C7-84F6-34AD151C6EBD}"
EndProject
Global
	GlobalSection(SolutionConfigurationPlatforms) = preSolution
		Debug|Any CPU = Debug|Any CPU
		Release|Any CPU = Release|Any CPU
	EndGlobalSection
	GlobalSection(ProjectConfigurationPlatforms) = postSolution
		{4BF5DBB2-8D05-40C7-84F6-34AD151C6EBD}.Debug|Any CPU.ActiveCfg = Debug|Any CPU
		{4BF5DBB2-8D05-40C7-84F6-34AD151C6EBD}.Debug|Any CPU.Build.0 = Debug|Any CPU
		{4BF5DBB2-8D05-40C7-84F6-34AD151C6EBD}.Release|Any CPU.ActiveCfg = Release|Any CPU
		{4BF5DBB2-8D05-40C7-84F6-34AD151C6EBD}.Release|Any CPU.Build.0 = Release|Any CPU
	EndGlobalSection
	GlobalSection(SolutionProperties) = preSolution
		HideSolutionNode = FALSE
	EndGlobalSection
	GlobalSection(ExtensibilityGlobals) = postSolution
		SolutionGuid = {2BE95A33-7557-49E2-B39F-497C466F0659}
	EndGlobalSection
EndGlobal
